// !$*UTF8*$!
{
	archiveVersion = 1;
	classes = {
	};
	objectVersion = 50;
	objects = {

/* Begin PBXBuildFile section */
		546EE913235FCFB200043112 /* AppDelegate.swift in Sources */ = {isa = PBXBuildFile; fileRef = 546EE912235FCFB200043112 /* AppDelegate.swift */; };
		546EE915235FCFB200043112 /* SceneDelegate.swift in Sources */ = {isa = PBXBuildFile; fileRef = 546EE914235FCFB200043112 /* SceneDelegate.swift */; };
		546EE91C235FCFB400043112 /* Assets.xcassets in Resources */ = {isa = PBXBuildFile; fileRef = 546EE91B235FCFB400043112 /* Assets.xcassets */; };
		546EE91F235FCFB400043112 /* LaunchScreen.storyboard in Resources */ = {isa = PBXBuildFile; fileRef = 546EE91D235FCFB400043112 /* LaunchScreen.storyboard */; };
		6C07B2FA23DF560F00483144 /* NetworkHelper.swift in Sources */ = {isa = PBXBuildFile; fileRef = 6C07B2F923DF560F00483144 /* NetworkHelper.swift */; };
		6C07B2FC23DF563700483144 /* AppError.swift in Sources */ = {isa = PBXBuildFile; fileRef = 6C07B2FB23DF563700483144 /* AppError.swift */; };
		6C07B2FE23DF56A300483144 /* Cards.swift in Sources */ = {isa = PBXBuildFile; fileRef = 6C07B2FD23DF56A300483144 /* Cards.swift */; };
		6C07B30023DF58D400483144 /* CardsAPI.swift in Sources */ = {isa = PBXBuildFile; fileRef = 6C07B2FF23DF58D400483144 /* CardsAPI.swift */; };
		6C0DA91523DB780A00D2B883 /* CustomCell.swift in Sources */ = {isa = PBXBuildFile; fileRef = 6C0DA91423DB780A00D2B883 /* CustomCell.swift */; };
		6C15707F23DB499600C6080E /* YourQuestionsController.swift in Sources */ = {isa = PBXBuildFile; fileRef = 6C15707E23DB499600C6080E /* YourQuestionsController.swift */; };
		6C15708123DB49C100C6080E /* CreateQuestionController.swift in Sources */ = {isa = PBXBuildFile; fileRef = 6C15708023DB49C100C6080E /* CreateQuestionController.swift */; };
		6C15708323DB49D700C6080E /* LoadOnlineQuestionsController.swift in Sources */ = {isa = PBXBuildFile; fileRef = 6C15708223DB49D700C6080E /* LoadOnlineQuestionsController.swift */; };
		6C15708823DB4B2600C6080E /* Q&ALaunchScreen.jpg in Resources */ = {isa = PBXBuildFile; fileRef = 6C15708723DB4B2600C6080E /* Q&ALaunchScreen.jpg */; };
		6C24766023E0AA2500C6FA85 /* BaseTabBarController.swift in Sources */ = {isa = PBXBuildFile; fileRef = 6C24765F23E0AA2500C6FA85 /* BaseTabBarController.swift */; };
		6C24766323E0DE9F00C6FA85 /* CoreData.xcdatamodeld in Sources */ = {isa = PBXBuildFile; fileRef = 6C24766123E0DE9F00C6FA85 /* CoreData.xcdatamodeld */; };
/* End PBXBuildFile section */

/* Begin PBXFileReference section */
		546EE90F235FCFB200043112 /* unit4assessment.app */ = {isa = PBXFileReference; explicitFileType = wrapper.application; includeInIndex = 0; path = unit4assessment.app; sourceTree = BUILT_PRODUCTS_DIR; };
		546EE912235FCFB200043112 /* AppDelegate.swift */ = {isa = PBXFileReference; lastKnownFileType = sourcecode.swift; path = AppDelegate.swift; sourceTree = "<group>"; };
		546EE914235FCFB200043112 /* SceneDelegate.swift */ = {isa = PBXFileReference; lastKnownFileType = sourcecode.swift; path = SceneDelegate.swift; sourceTree = "<group>"; };
		546EE91B235FCFB400043112 /* Assets.xcassets */ = {isa = PBXFileReference; lastKnownFileType = folder.assetcatalog; path = Assets.xcassets; sourceTree = "<group>"; };
		546EE91E235FCFB400043112 /* Base */ = {isa = PBXFileReference; lastKnownFileType = file.storyboard; name = Base; path = Base.lproj/LaunchScreen.storyboard; sourceTree = "<group>"; };
		546EE920235FCFB400043112 /* Info.plist */ = {isa = PBXFileReference; lastKnownFileType = text.plist.xml; path = Info.plist; sourceTree = "<group>"; };
		6C07B2F923DF560F00483144 /* NetworkHelper.swift */ = {isa = PBXFileReference; lastKnownFileType = sourcecode.swift; path = NetworkHelper.swift; sourceTree = "<group>"; };
		6C07B2FB23DF563700483144 /* AppError.swift */ = {isa = PBXFileReference; lastKnownFileType = sourcecode.swift; path = AppError.swift; sourceTree = "<group>"; };
		6C07B2FD23DF56A300483144 /* Cards.swift */ = {isa = PBXFileReference; lastKnownFileType = sourcecode.swift; path = Cards.swift; sourceTree = "<group>"; };
		6C07B2FF23DF58D400483144 /* CardsAPI.swift */ = {isa = PBXFileReference; lastKnownFileType = sourcecode.swift; path = CardsAPI.swift; sourceTree = "<group>"; };
		6C0DA91423DB780A00D2B883 /* CustomCell.swift */ = {isa = PBXFileReference; lastKnownFileType = sourcecode.swift; path = CustomCell.swift; sourceTree = "<group>"; };
		6C15707E23DB499600C6080E /* YourQuestionsController.swift */ = {isa = PBXFileReference; lastKnownFileType = sourcecode.swift; path = YourQuestionsController.swift; sourceTree = "<group>"; };
		6C15708023DB49C100C6080E /* CreateQuestionController.swift */ = {isa = PBXFileReference; lastKnownFileType = sourcecode.swift; path = CreateQuestionController.swift; sourceTree = "<group>"; };
		6C15708223DB49D700C6080E /* LoadOnlineQuestionsController.swift */ = {isa = PBXFileReference; lastKnownFileType = sourcecode.swift; path = LoadOnlineQuestionsController.swift; sourceTree = "<group>"; };
		6C15708723DB4B2600C6080E /* Q&ALaunchScreen.jpg */ = {isa = PBXFileReference; lastKnownFileType = image.jpeg; path = "Q&ALaunchScreen.jpg"; sourceTree = "<group>"; };
		6C24765F23E0AA2500C6FA85 /* BaseTabBarController.swift */ = {isa = PBXFileReference; lastKnownFileType = sourcecode.swift; path = BaseTabBarController.swift; sourceTree = "<group>"; };
		6C24766223E0DE9F00C6FA85 /* CoreData.xcdatamodel */ = {isa = PBXFileReference; lastKnownFileType = wrapper.xcdatamodel; path = CoreData.xcdatamodel; sourceTree = "<group>"; };
/* End PBXFileReference section */

/* Begin PBXFrameworksBuildPhase section */
		546EE90C235FCFB200043112 /* Frameworks */ = {
			isa = PBXFrameworksBuildPhase;
			buildActionMask = 2147483647;
			files = (
			);
			runOnlyForDeploymentPostprocessing = 0;
		};
/* End PBXFrameworksBuildPhase section */

/* Begin PBXGroup section */
		546EE906235FCFB200043112 = {
			isa = PBXGroup;
			children = (
				546EE911235FCFB200043112 /* unit4assessment */,
				546EE910235FCFB200043112 /* Products */,
			);
			sourceTree = "<group>";
		};
		546EE910235FCFB200043112 /* Products */ = {
			isa = PBXGroup;
			children = (
				546EE90F235FCFB200043112 /* unit4assessment.app */,
			);
			name = Products;
			sourceTree = "<group>";
		};
		546EE911235FCFB200043112 /* unit4assessment */ = {
			isa = PBXGroup;
			children = (
				546EE9262360AA7700043112 /* Supporting Files */,
				546EE920235FCFB400043112 /* Info.plist */,
				6C24766123E0DE9F00C6FA85 /* CoreData.xcdatamodeld */,
			);
			path = unit4assessment;
			sourceTree = "<group>";
		};
		546EE9262360AA7700043112 /* Supporting Files */ = {
			isa = PBXGroup;
			children = (
				546EE912235FCFB200043112 /* AppDelegate.swift */,
				546EE914235FCFB200043112 /* SceneDelegate.swift */,
				6C15708623DB4A1400C6080E /* Controller */,
				6C07B2F823DF55F200483144 /* Network */,
				6C15708523DB49FD00C6080E /* Models */,
				546EE91D235FCFB400043112 /* LaunchScreen.storyboard */,
				6C15708723DB4B2600C6080E /* Q&ALaunchScreen.jpg */,
				546EE91B235FCFB400043112 /* Assets.xcassets */,
			);
			path = "Supporting Files";
			sourceTree = "<group>";
		};
		6C07B2F823DF55F200483144 /* Network */ = {
			isa = PBXGroup;
			children = (
				6C07B2F923DF560F00483144 /* NetworkHelper.swift */,
				6C07B2FB23DF563700483144 /* AppError.swift */,
				6C07B2FF23DF58D400483144 /* CardsAPI.swift */,
			);
			path = Network;
			sourceTree = "<group>";
		};
		6C15708523DB49FD00C6080E /* Models */ = {
			isa = PBXGroup;
			children = (
				6C0DA91423DB780A00D2B883 /* CustomCell.swift */,
				6C07B2FD23DF56A300483144 /* Cards.swift */,
			);
			path = Models;
			sourceTree = "<group>";
		};
		6C15708623DB4A1400C6080E /* Controller */ = {
			isa = PBXGroup;
			children = (
				6C15707E23DB499600C6080E /* YourQuestionsController.swift */,
				6C15708023DB49C100C6080E /* CreateQuestionController.swift */,
				6C15708223DB49D700C6080E /* LoadOnlineQuestionsController.swift */,
				6C24765F23E0AA2500C6FA85 /* BaseTabBarController.swift */,
			);
			path = Controller;
			sourceTree = "<group>";
		};
/* End PBXGroup section */

/* Begin PBXNativeTarget section */
		546EE90E235FCFB200043112 /* unit4assessment */ = {
			isa = PBXNativeTarget;
			buildConfigurationList = 546EE923235FCFB400043112 /* Build configuration list for PBXNativeTarget "unit4assessment" */;
			buildPhases = (
				546EE90B235FCFB200043112 /* Sources */,
				546EE90C235FCFB200043112 /* Frameworks */,
				546EE90D235FCFB200043112 /* Resources */,
			);
			buildRules = (
			);
			dependencies = (
			);
			name = unit4assessment;
			productName = unit4assessment;
			productReference = 546EE90F235FCFB200043112 /* unit4assessment.app */;
			productType = "com.apple.product-type.application";
		};
/* End PBXNativeTarget section */

/* Begin PBXProject section */
		546EE907235FCFB200043112 /* Project object */ = {
			isa = PBXProject;
			attributes = {
				LastSwiftUpdateCheck = 1110;
				LastUpgradeCheck = 1110;
				ORGANIZATIONNAME = "David Rifkin";
				TargetAttributes = {
					546EE90E235FCFB200043112 = {
						CreatedOnToolsVersion = 11.1;
					};
				};
			};
			buildConfigurationList = 546EE90A235FCFB200043112 /* Build configuration list for PBXProject "unit4assessment" */;
			compatibilityVersion = "Xcode 9.3";
			developmentRegion = en;
			hasScannedForEncodings = 0;
			knownRegions = (
				en,
				Base,
			);
			mainGroup = 546EE906235FCFB200043112;
			productRefGroup = 546EE910235FCFB200043112 /* Products */;
			projectDirPath = "";
			projectRoot = "";
			targets = (
				546EE90E235FCFB200043112 /* unit4assessment */,
			);
		};
/* End PBXProject section */

/* Begin PBXResourcesBuildPhase section */
		546EE90D235FCFB200043112 /* Resources */ = {
			isa = PBXResourcesBuildPhase;
			buildActionMask = 2147483647;
			files = (
				546EE91F235FCFB400043112 /* LaunchScreen.storyboard in Resources */,
				6C15708823DB4B2600C6080E /* Q&ALaunchScreen.jpg in Resources */,
				546EE91C235FCFB400043112 /* Assets.xcassets in Resources */,
			);
			runOnlyForDeploymentPostprocessing = 0;
		};
/* End PBXResourcesBuildPhase section */

/* Begin PBXSourcesBuildPhase section */
		546EE90B235FCFB200043112 /* Sources */ = {
			isa = PBXSourcesBuildPhase;
			buildActionMask = 2147483647;
			files = (
				6C07B2FA23DF560F00483144 /* NetworkHelper.swift in Sources */,
				546EE913235FCFB200043112 /* AppDelegate.swift in Sources */,
				6C07B2FC23DF563700483144 /* AppError.swift in Sources */,
				6C15708323DB49D700C6080E /* LoadOnlineQuestionsController.swift in Sources */,
				6C07B2FE23DF56A300483144 /* Cards.swift in Sources */,
				6C15707F23DB499600C6080E /* YourQuestionsController.swift in Sources */,
				6C24766023E0AA2500C6FA85 /* BaseTabBarController.swift in Sources */,
				6C15708123DB49C100C6080E /* CreateQuestionController.swift in Sources */,
				6C24766323E0DE9F00C6FA85 /* CoreData.xcdatamodeld in Sources */,
				6C07B30023DF58D400483144 /* CardsAPI.swift in Sources */,
				6C0DA91523DB780A00D2B883 /* CustomCell.swift in Sources */,
				546EE915235FCFB200043112 /* SceneDelegate.swift in Sources */,
			);
			runOnlyForDeploymentPostprocessing = 0;
		};
/* End PBXSourcesBuildPhase section */

/* Begin PBXVariantGroup section */
		546EE91D235FCFB400043112 /* LaunchScreen.storyboard */ = {
			isa = PBXVariantGroup;
			children = (
				546EE91E235FCFB400043112 /* Base */,
			);
			name = LaunchScreen.storyboard;
			sourceTree = "<group>";
		};
/* End PBXVariantGroup section */

/* Begin XCBuildConfiguration section */
		546EE921235FCFB400043112 /* Debug */ = {
			isa = XCBuildConfiguration;
			buildSettings = {
				ALWAYS_SEARCH_USER_PATHS = NO;
				CLANG_ANALYZER_NONNULL = YES;
				CLANG_ANALYZER_NUMBER_OBJECT_CONVERSION = YES_AGGRESSIVE;
				CLANG_CXX_LANGUAGE_STANDARD = "gnu++14";
				CLANG_CXX_LIBRARY = "libc++";
				CLANG_ENABLE_MODULES = YES;
				CLANG_ENABLE_OBJC_ARC = YES;
				CLANG_ENABLE_OBJC_WEAK = YES;
				CLANG_WARN_BLOCK_CAPTURE_AUTORELEASING = YES;
				CLANG_WARN_BOOL_CONVERSION = YES;
				CLANG_WARN_COMMA = YES;
				CLANG_WARN_CONSTANT_CONVERSION = YES;
				CLANG_WARN_DEPRECATED_OBJC_IMPLEMENTATIONS = YES;
				CLANG_WARN_DIRECT_OBJC_ISA_USAGE = YES_ERROR;
				CLANG_WARN_DOCUMENTATION_COMMENTS = YES;
				CLANG_WARN_EMPTY_BODY = YES;
				CLANG_WARN_ENUM_CONVERSION = YES;
				CLANG_WARN_INFINITE_RECURSION = YES;
				CLANG_WARN_INT_CONVERSION = YES;
				CLANG_WARN_NON_LITERAL_NULL_CONVERSION = YES;
				CLANG_WARN_OBJC_IMPLICIT_RETAIN_SELF = YES;
				CLANG_WARN_OBJC_LITERAL_CONVERSION = YES;
				CLANG_WARN_OBJC_ROOT_CLASS = YES_ERROR;
				CLANG_WARN_RANGE_LOOP_ANALYSIS = YES;
				CLANG_WARN_STRICT_PROTOTYPES = YES;
				CLANG_WARN_SUSPICIOUS_MOVE = YES;
				CLANG_WARN_UNGUARDED_AVAILABILITY = YES_AGGRESSIVE;
				CLANG_WARN_UNREACHABLE_CODE = YES;
				CLANG_WARN__DUPLICATE_METHOD_MATCH = YES;
				COPY_PHASE_STRIP = NO;
				DEBUG_INFORMATION_FORMAT = dwarf;
				ENABLE_STRICT_OBJC_MSGSEND = YES;
				ENABLE_TESTABILITY = YES;
				GCC_C_LANGUAGE_STANDARD = gnu11;
				GCC_DYNAMIC_NO_PIC = NO;
				GCC_NO_COMMON_BLOCKS = YES;
				GCC_OPTIMIZATION_LEVEL = 0;
				GCC_PREPROCESSOR_DEFINITIONS = (
					"DEBUG=1",
					"$(inherited)",
				);
				GCC_WARN_64_TO_32_BIT_CONVERSION = YES;
				GCC_WARN_ABOUT_RETURN_TYPE = YES_ERROR;
				GCC_WARN_UNDECLARED_SELECTOR = YES;
				GCC_WARN_UNINITIALIZED_AUTOS = YES_AGGRESSIVE;
				GCC_WARN_UNUSED_FUNCTION = YES;
				GCC_WARN_UNUSED_VARIABLE = YES;
				IPHONEOS_DEPLOYMENT_TARGET = 13.1;
				MTL_ENABLE_DEBUG_INFO = INCLUDE_SOURCE;
				MTL_FAST_MATH = YES;
				ONLY_ACTIVE_ARCH = YES;
				SDKROOT = iphoneos;
				SWIFT_ACTIVE_COMPILATION_CONDITIONS = DEBUG;
				SWIFT_OPTIMIZATION_LEVEL = "-Onone";
			};
			name = Debug;
		};
		546EE922235FCFB400043112 /* Release */ = {
			isa = XCBuildConfiguration;
			buildSettings = {
				ALWAYS_SEARCH_USER_PATHS = NO;
				CLANG_ANALYZER_NONNULL = YES;
				CLANG_ANALYZER_NUMBER_OBJECT_CONVERSION = YES_AGGRESSIVE;
				CLANG_CXX_LANGUAGE_STANDARD = "gnu++14";
				CLANG_CXX_LIBRARY = "libc++";
				CLANG_ENABLE_MODULES = YES;
				CLANG_ENABLE_OBJC_ARC = YES;
				CLANG_ENABLE_OBJC_WEAK = YES;
				CLANG_WARN_BLOCK_CAPTURE_AUTORELEASING = YES;
				CLANG_WARN_BOOL_CONVERSION = YES;
				CLANG_WARN_COMMA = YES;
				CLANG_WARN_CONSTANT_CONVERSION = YES;
				CLANG_WARN_DEPRECATED_OBJC_IMPLEMENTATIONS = YES;
				CLANG_WARN_DIRECT_OBJC_ISA_USAGE = YES_ERROR;
				CLANG_WARN_DOCUMENTATION_COMMENTS = YES;
				CLANG_WARN_EMPTY_BODY = YES;
				CLANG_WARN_ENUM_CONVERSION = YES;
				CLANG_WARN_INFINITE_RECURSION = YES;
				CLANG_WARN_INT_CONVERSION = YES;
				CLANG_WARN_NON_LITERAL_NULL_CONVERSION = YES;
				CLANG_WARN_OBJC_IMPLICIT_RETAIN_SELF = YES;
				CLANG_WARN_OBJC_LITERAL_CONVERSION = YES;
				CLANG_WARN_OBJC_ROOT_CLASS = YES_ERROR;
				CLANG_WARN_RANGE_LOOP_ANALYSIS = YES;
				CLANG_WARN_STRICT_PROTOTYPES = YES;
				CLANG_WARN_SUSPICIOUS_MOVE = YES;
				CLANG_WARN_UNGUARDED_AVAILABILITY = YES_AGGRESSIVE;
				CLANG_WARN_UNREACHABLE_CODE = YES;
				CLANG_WARN__DUPLICATE_METHOD_MATCH = YES;
				COPY_PHASE_STRIP = NO;
				DEBUG_INFORMATION_FORMAT = "dwarf-with-dsym";
				ENABLE_NS_ASSERTIONS = NO;
				ENABLE_STRICT_OBJC_MSGSEND = YES;
				GCC_C_LANGUAGE_STANDARD = gnu11;
				GCC_NO_COMMON_BLOCKS = YES;
				GCC_WARN_64_TO_32_BIT_CONVERSION = YES;
				GCC_WARN_ABOUT_RETURN_TYPE = YES_ERROR;
				GCC_WARN_UNDECLARED_SELECTOR = YES;
				GCC_WARN_UNINITIALIZED_AUTOS = YES_AGGRESSIVE;
				GCC_WARN_UNUSED_FUNCTION = YES;
				GCC_WARN_UNUSED_VARIABLE = YES;
				IPHONEOS_DEPLOYMENT_TARGET = 13.1;
				MTL_ENABLE_DEBUG_INFO = NO;
				MTL_FAST_MATH = YES;
				SDKROOT = iphoneos;
				SWIFT_COMPILATION_MODE = wholemodule;
				SWIFT_OPTIMIZATION_LEVEL = "-O";
				VALIDATE_PRODUCT = YES;
			};
			name = Release;
		};
		546EE924235FCFB400043112 /* Debug */ = {
			isa = XCBuildConfiguration;
			buildSettings = {
				ASSETCATALOG_COMPILER_APPICON_NAME = AppIcon;
				CODE_SIGN_STYLE = Automatic;
				DEVELOPMENT_TEAM = 26RHXP32FH;
				INFOPLIST_FILE = unit4assessment/Info.plist;
				LD_RUNPATH_SEARCH_PATHS = (
					"$(inherited)",
					"@executable_path/Frameworks",
				);
				PRODUCT_BUNDLE_IDENTIFIER = sixpointone.unit4assessment;
				PRODUCT_NAME = "$(TARGET_NAME)";
				SWIFT_VERSION = 5.0;
				TARGETED_DEVICE_FAMILY = "1,2";
			};
			name = Debug;
		};
		546EE925235FCFB400043112 /* Release */ = {
			isa = XCBuildConfiguration;
			buildSettings = {
				ASSETCATALOG_COMPILER_APPICON_NAME = AppIcon;
				CODE_SIGN_STYLE = Automatic;
				DEVELOPMENT_TEAM = 26RHXP32FH;
				INFOPLIST_FILE = unit4assessment/Info.plist;
				LD_RUNPATH_SEARCH_PATHS = (
					"$(inherited)",
					"@executable_path/Frameworks",
				);
				PRODUCT_BUNDLE_IDENTIFIER = sixpointone.unit4assessment;
				PRODUCT_NAME = "$(TARGET_NAME)";
				SWIFT_VERSION = 5.0;
				TARGETED_DEVICE_FAMILY = "1,2";
			};
			name = Release;
		};
/* End XCBuildConfiguration section */

/* Begin XCConfigurationList section */
		546EE90A235FCFB200043112 /* Build configuration list for PBXProject "unit4assessment" */ = {
			isa = XCConfigurationList;
			buildConfigurations = (
				546EE921235FCFB400043112 /* Debug */,
				546EE922235FCFB400043112 /* Release */,
			);
			defaultConfigurationIsVisible = 0;
			defaultConfigurationName = Release;
		};
		546EE923235FCFB400043112 /* Build configuration list for PBXNativeTarget "unit4assessment" */ = {
			isa = XCConfigurationList;
			buildConfigurations = (
				546EE924235FCFB400043112 /* Debug */,
				546EE925235FCFB400043112 /* Release */,
			);
			defaultConfigurationIsVisible = 0;
			defaultConfigurationName = Release;
		};
/* End XCConfigurationList section */

/* Begin XCVersionGroup section */
		6C24766123E0DE9F00C6FA85 /* CoreData.xcdatamodeld */ = {
			isa = XCVersionGroup;
			children = (
				6C24766223E0DE9F00C6FA85 /* CoreData.xcdatamodel */,
			);
			currentVersion = 6C24766223E0DE9F00C6FA85 /* CoreData.xcdatamodel */;
			path = CoreData.xcdatamodeld;
			sourceTree = "<group>";
			versionGroupType = wrapper.xcdatamodel;
		};
/* End XCVersionGroup section */
	};
	rootObject = 546EE907235FCFB200043112 /* Project object */;
}
